<?xml version="1.0" encoding="utf-8"?>
<Project ToolsVersion="4.0" xmlns="http://schemas.microsoft.com/developer/msbuild/2003">
  <ItemGroup>
    <Filter Include="ソース ファイル">
      <UniqueIdentifier>{4FC737F1-C7A5-4376-A066-2A32D752A2FF}</UniqueIdentifier>
      <Extensions>cpp;c;cc;cxx;c++;cppm;ixx;def;odl;idl;hpj;bat;asm;asmx</Extensions>
    </Filter>
    <Filter Include="ヘッダー ファイル">
      <UniqueIdentifier>{93995380-89BD-4b04-88EB-625FBE52EBFB}</UniqueIdentifier>
      <Extensions>h;hh;hpp;hxx;h++;hm;inl;inc;ipp;xsd</Extensions>
    </Filter>
    <Filter Include="リソース ファイル">
      <UniqueIdentifier>{67DA6AB6-F800-4c08-8B7A-83BB121AAD01}</UniqueIdentifier>
      <Extensions>rc;ico;cur;bmp;dlg;rc2;rct;bin;rgs;gif;jpg;jpeg;jpe;resx;tiff;tif;png;wav;mfcribbon-ms</Extensions>
    </Filter>
    <Filter Include="shaders">
      <UniqueIdentifier>{b16f66bf-0edd-4c70-9653-49abd78975bd}</UniqueIdentifier>
    </Filter>
    <Filter Include="application">
      <UniqueIdentifier>{b779c107-e531-4844-9928-b705d07604ff}</UniqueIdentifier>
    </Filter>
    <Filter Include="application\scene">
      <UniqueIdentifier>{d09609c5-5464-4a8e-a106-9af2e72858bf}</UniqueIdentifier>
    </Filter>
    <Filter Include="application\actor">
      <UniqueIdentifier>{27e5a16f-78eb-4123-ac65-8f26cccee1a6}</UniqueIdentifier>
    </Filter>
    <Filter Include="application\actor\field">
      <UniqueIdentifier>{9ed0086f-1d8b-452f-9643-ea39d989dc8e}</UniqueIdentifier>
    </Filter>
    <Filter Include="application\actor\character">
      <UniqueIdentifier>{e4c0b8d1-d6ef-4fb1-b2ec-c827f4987ed5}</UniqueIdentifier>
    </Filter>
    <Filter Include="engine">
      <UniqueIdentifier>{781a2588-abfc-4012-aa27-518ef259056b}</UniqueIdentifier>
    </Filter>
    <Filter Include="engine\2d">
      <UniqueIdentifier>{9375f655-8895-4ff9-8be7-cd01bb246425}</UniqueIdentifier>
    </Filter>
    <Filter Include="engine\3d">
      <UniqueIdentifier>{15e6775a-3017-44b2-9a7b-d6945b7cd2d3}</UniqueIdentifier>
    </Filter>
    <Filter Include="engine\audio">
      <UniqueIdentifier>{0542c30f-16f9-4927-b3ca-eb8eff6428b2}</UniqueIdentifier>
    </Filter>
    <Filter Include="engine\base">
      <UniqueIdentifier>{269c2b51-d982-4963-9572-9cabb1cc116a}</UniqueIdentifier>
    </Filter>
    <Filter Include="engine\camera">
      <UniqueIdentifier>{cb9022b5-509f-45f2-b06e-9e50d0ce3bc4}</UniqueIdentifier>
    </Filter>
    <Filter Include="engine\debug">
      <UniqueIdentifier>{049f4ef6-4085-45af-bc8b-792b6ed91585}</UniqueIdentifier>
    </Filter>
    <Filter Include="engine\framework">
      <UniqueIdentifier>{81cc6255-b0bf-450b-931e-823e51f618fa}</UniqueIdentifier>
    </Filter>
    <Filter Include="engine\gameObject">
      <UniqueIdentifier>{7da9dd39-8139-4ca4-892c-d94797a6a13f}</UniqueIdentifier>
    </Filter>
    <Filter Include="engine\geometry">
      <UniqueIdentifier>{6b05c2d6-d025-439d-8f72-5f3084db215b}</UniqueIdentifier>
    </Filter>
    <Filter Include="engine\graphics">
      <UniqueIdentifier>{da50402f-959f-4939-92fb-e2d25940e7a3}</UniqueIdentifier>
    </Filter>
    <Filter Include="engine\graphics\data">
      <UniqueIdentifier>{c37f6385-1623-4408-930d-5c46965236b2}</UniqueIdentifier>
    </Filter>
    <Filter Include="engine\graphics\descriptor">
      <UniqueIdentifier>{729befb9-201d-412c-b859-1b0742eeae57}</UniqueIdentifier>
    </Filter>
    <Filter Include="engine\graphics\pipeline">
      <UniqueIdentifier>{1f248ee5-41d2-48a9-a83d-7e81a1621816}</UniqueIdentifier>
    </Filter>
    <Filter Include="engine\graphics\texture">
      <UniqueIdentifier>{f6e6cea6-fbc1-4bb6-b85b-e735b16ae8f6}</UniqueIdentifier>
    </Filter>
    <Filter Include="engine\input">
      <UniqueIdentifier>{1fcaa920-2187-4d2a-a864-ef8589649212}</UniqueIdentifier>
    </Filter>
    <Filter Include="engine\math">
      <UniqueIdentifier>{c26f89bc-c540-460a-a080-d2a18ff2658f}</UniqueIdentifier>
    </Filter>
    <Filter Include="engine\particle">
      <UniqueIdentifier>{f4951b20-ab9c-47b3-8db8-e5607220639b}</UniqueIdentifier>
    </Filter>
    <Filter Include="engine\physics">
      <UniqueIdentifier>{af6575d7-4762-4277-bd08-6174ec07d716}</UniqueIdentifier>
    </Filter>
    <Filter Include="engine\utility">
      <UniqueIdentifier>{2c696d75-d9d3-4dda-8d3e-b7a4efa0895e}</UniqueIdentifier>
    </Filter>
    <Filter Include="engine\worldTransform">
      <UniqueIdentifier>{d8abc2da-d4af-46df-80ee-06f569e37463}</UniqueIdentifier>
    </Filter>
    <Filter Include="engine\scene">
      <UniqueIdentifier>{f0c32dd3-20a3-410c-b44e-0eee00afd293}</UniqueIdentifier>
    </Filter>
    <Filter Include="engine\collision">
      <UniqueIdentifier>{bb1c8d6d-daf5-4bf2-aa86-52af9e09d3f0}</UniqueIdentifier>
    </Filter>
    <Filter Include="engine\debug\wireframes">
      <UniqueIdentifier>{77757546-f453-4df0-b874-2faa3d99a842}</UniqueIdentifier>
    </Filter>
    <Filter Include="engine\asset">
      <UniqueIdentifier>{317e856f-6727-461e-b2b0-fe9c6615c9e8}</UniqueIdentifier>
    </Filter>
    <Filter Include="engine\gameObject\component">
      <UniqueIdentifier>{769be0c8-0332-468e-8efe-6b004af174d1}</UniqueIdentifier>
    </Filter>
    <Filter Include="engine\graphics\rendering">
      <UniqueIdentifier>{f480746a-a585-426c-a8ed-e813c96cbc96}</UniqueIdentifier>
    </Filter>
  </ItemGroup>
  <ItemGroup>
    <ClCompile Include="engine\main.cpp">
      <Filter>ソース ファイル</Filter>
    </ClCompile>
    <ClCompile Include="application\scene\TestPlayScene.cpp">
      <Filter>application\scene</Filter>
    </ClCompile>
    <ClCompile Include="engine\scene\SceneManager.cpp">
      <Filter>engine\scene</Filter>
    </ClCompile>
    <ClCompile Include="application\actor\camera\GameCamera.cpp">
      <Filter>application\actor</Filter>
    </ClCompile>
    <ClCompile Include="engine\2d\Sprite.cpp">
      <Filter>engine\2d</Filter>
    </ClCompile>
    <ClCompile Include="engine\2d\SpriteCommon.cpp">
      <Filter>engine\2d</Filter>
    </ClCompile>
    <ClCompile Include="engine\3d\LODBuilder.cpp">
      <Filter>engine\3d</Filter>
    </ClCompile>
    <ClCompile Include="engine\3d\LODController.cpp">
      <Filter>engine\3d</Filter>
    </ClCompile>
    <ClCompile Include="engine\3d\Mesh.cpp">
      <Filter>engine\3d</Filter>
    </ClCompile>
    <ClCompile Include="engine\3d\Model.cpp">
      <Filter>engine\3d</Filter>
    </ClCompile>
    <ClCompile Include="engine\3d\ModelCommon.cpp">
      <Filter>engine\3d</Filter>
    </ClCompile>
    <ClCompile Include="engine\3d\ModelManager.cpp">
      <Filter>engine\3d</Filter>
    </ClCompile>
    <ClCompile Include="engine\3d\Object3d.cpp">
      <Filter>engine\3d</Filter>
    </ClCompile>
    <ClCompile Include="engine\3d\Object3dCommon.cpp">
      <Filter>engine\3d</Filter>
    </ClCompile>
    <ClCompile Include="engine\audio\Audio.cpp">
      <Filter>engine\audio</Filter>
    </ClCompile>
    <ClCompile Include="engine\audio\AudioManager.cpp">
      <Filter>engine\audio</Filter>
    </ClCompile>
    <ClCompile Include="engine\base\Context.cpp">
      <Filter>engine\base</Filter>
    </ClCompile>
    <ClCompile Include="engine\base\Core.cpp">
      <Filter>engine\base</Filter>
    </ClCompile>
    <ClCompile Include="engine\base\D3DResourceLeakChecker.cpp">
      <Filter>engine\base</Filter>
    </ClCompile>
    <ClCompile Include="engine\base\DirectXBase.cpp">
      <Filter>engine\base</Filter>
    </ClCompile>
    <ClCompile Include="engine\base\FixFPS.cpp">
      <Filter>engine\base</Filter>
    </ClCompile>
    <ClCompile Include="engine\base\WinApi.cpp">
      <Filter>engine\base</Filter>
    </ClCompile>
    <ClCompile Include="engine\camera\Camera.cpp">
      <Filter>engine\camera</Filter>
    </ClCompile>
    <ClCompile Include="engine\camera\CameraManager.cpp">
      <Filter>engine\camera</Filter>
    </ClCompile>
    <ClCompile Include="engine\collision\Collision.cpp">
      <Filter>engine\collision</Filter>
    </ClCompile>
    <ClCompile Include="engine\debug\CrashHandler.cpp">
      <Filter>engine\debug</Filter>
    </ClCompile>
    <ClCompile Include="engine\debug\DebugCamera.cpp">
      <Filter>engine\debug</Filter>
    </ClCompile>
    <ClCompile Include="engine\debug\ImGuiManager.cpp">
      <Filter>engine\debug</Filter>
    </ClCompile>
    <ClCompile Include="engine\debug\Logger.cpp">
      <Filter>engine\debug</Filter>
    </ClCompile>
    <ClCompile Include="engine\debug\wireframes\BaseShape.cpp">
      <Filter>engine\debug\wireframes</Filter>
    </ClCompile>
    <ClCompile Include="engine\debug\wireframes\Circle.cpp">
      <Filter>engine\debug\wireframes</Filter>
    </ClCompile>
    <ClCompile Include="engine\debug\wireframes\Cube.cpp">
      <Filter>engine\debug\wireframes</Filter>
    </ClCompile>
    <ClCompile Include="engine\debug\wireframes\Frustum.cpp">
      <Filter>engine\debug\wireframes</Filter>
    </ClCompile>
    <ClCompile Include="engine\debug\wireframes\Line.cpp">
      <Filter>engine\debug\wireframes</Filter>
    </ClCompile>
    <ClCompile Include="engine\debug\wireframes\Plane.cpp">
      <Filter>engine\debug\wireframes</Filter>
    </ClCompile>
    <ClCompile Include="engine\debug\wireframes\Sphere.cpp">
      <Filter>engine\debug\wireframes</Filter>
    </ClCompile>
    <ClCompile Include="engine\framework\Framework.cpp">
      <Filter>engine\framework</Filter>
    </ClCompile>
    <ClCompile Include="engine\framework\GameSystem.cpp">
      <Filter>engine\framework</Filter>
    </ClCompile>
    <ClCompile Include="engine\gameObject\ColliderData.cpp">
      <Filter>engine\gameObject</Filter>
    </ClCompile>
    <ClCompile Include="engine\gameObject\GameObject.cpp">
      <Filter>engine\gameObject</Filter>
    </ClCompile>
    <ClCompile Include="engine\gameObject\GameObjectList.cpp">
      <Filter>engine\gameObject</Filter>
    </ClCompile>
    <ClCompile Include="engine\geometry\PrimitiveData.cpp">
      <Filter>engine\geometry</Filter>
    </ClCompile>
    <ClCompile Include="engine\graphics\data\RenderingData.cpp">
      <Filter>engine\graphics\data</Filter>
    </ClCompile>
    <ClCompile Include="engine\graphics\descriptor\SRVManager.cpp">
      <Filter>engine\graphics\descriptor</Filter>
    </ClCompile>
    <ClCompile Include="engine\graphics\pipeline\Blend.cpp">
      <Filter>engine\graphics\texture</Filter>
    </ClCompile>
    <ClCompile Include="engine\graphics\pipeline\GraphicsPipeline.cpp">
      <Filter>engine\graphics\texture</Filter>
    </ClCompile>
    <ClCompile Include="engine\graphics\texture\TextureManager.cpp">
      <Filter>engine\graphics\pipeline</Filter>
    </ClCompile>
    <ClCompile Include="engine\input\Input.cpp">
      <Filter>engine\input</Filter>
    </ClCompile>
    <ClCompile Include="engine\math\MathUtility.cpp">
      <Filter>engine\math</Filter>
    </ClCompile>
    <ClCompile Include="engine\math\Matrix4x4.cpp">
      <Filter>engine\math</Filter>
    </ClCompile>
    <ClCompile Include="engine\math\MatrixUtility.cpp">
      <Filter>engine\math</Filter>
    </ClCompile>
    <ClCompile Include="engine\math\Quaternion.cpp">
      <Filter>engine\math</Filter>
    </ClCompile>
    <ClCompile Include="engine\math\Vector2.cpp">
      <Filter>engine\math</Filter>
    </ClCompile>
    <ClCompile Include="engine\math\Vector3.cpp">
      <Filter>engine\math</Filter>
    </ClCompile>
    <ClCompile Include="engine\math\Vector4.cpp">
      <Filter>engine\math</Filter>
    </ClCompile>
    <ClCompile Include="engine\scene\AbstractSceneFactory.cpp">
      <Filter>engine\scene</Filter>
    </ClCompile>
    <ClCompile Include="engine\scene\BaseScene.cpp">
      <Filter>engine\scene</Filter>
    </ClCompile>
    <ClCompile Include="engine\scene\SceneFactory.cpp">
      <Filter>engine\scene</Filter>
    </ClCompile>
    <ClCompile Include="engine\scene\SceneManager.cpp">
      <Filter>engine\scene</Filter>
    </ClCompile>
    <ClCompile Include="engine\worldTransform\WorldTransform.cpp">
      <Filter>engine\worldTransform</Filter>
    </ClCompile>
    <ClCompile Include="engine\physics\Physics.cpp">
      <Filter>engine\physics</Filter>
    </ClCompile>
    <ClCompile Include="engine\physics\PhysicsData.cpp">
      <Filter>engine\physics</Filter>
    </ClCompile>
    <ClCompile Include="engine\particle\ParticleCommon.cpp">
      <Filter>engine\particle</Filter>
    </ClCompile>
    <ClCompile Include="engine\particle\ParticleEmitter.cpp">
      <Filter>engine\particle</Filter>
    </ClCompile>
    <ClCompile Include="engine\particle\ParticleManager.cpp">
      <Filter>engine\particle</Filter>
    </ClCompile>
    <ClCompile Include="engine\particle\ParticleSystem.cpp">
      <Filter>engine\particle</Filter>
    </ClCompile>
    <ClCompile Include="engine\utility\HashUtility.cpp">
      <Filter>engine\utility</Filter>
    </ClCompile>
    <ClCompile Include="engine\utility\StringUtility.cpp">
      <Filter>engine\utility</Filter>
    </ClCompile>
    <ClCompile Include="engine\3d\SkyBox.cpp">
      <Filter>engine\3d</Filter>
    </ClCompile>
    <ClCompile Include="engine\debug\DebugEditor.cpp">
      <Filter>engine\debug</Filter>
    </ClCompile>
    <ClCompile Include="engine\asset\ModelLoader.cpp">
      <Filter>engine\asset</Filter>
    </ClCompile>
    <ClCompile Include="engine\asset\TextureLoader.cpp">
      <Filter>engine\asset</Filter>
    </ClCompile>
    <ClCompile Include="engine\graphics\pipeline\PipelineManager.cpp">
      <Filter>engine\graphics\pipeline</Filter>
    </ClCompile>
    <ClCompile Include="engine\gameObject\TagManager.cpp">
      <Filter>engine\gameObject</Filter>
    </ClCompile>
    <ClCompile Include="engine\3d\LightingManager.cpp">
      <Filter>engine\3d</Filter>
    </ClCompile>
    <ClCompile Include="engine\gameObject\component\ModelRenderComponent.cpp">
      <Filter>engine\gameObject\component</Filter>
    </ClCompile>
    <ClCompile Include="engine\gameObject\component\Component.cpp">
      <Filter>engine\gameObject\component</Filter>
    </ClCompile>
    <ClCompile Include="engine\geometry\PrimitiveMeshFactory.cpp">
      <Filter>engine\3d</Filter>
    </ClCompile>
    <ClCompile Include="engine\geometry\Culling.cpp">
      <Filter>engine\geometry</Filter>
    </ClCompile>
    <ClCompile Include="engine\graphics\rendering\RenderSystem.cpp">
      <Filter>engine\graphics\rendering</Filter>
    </ClCompile>
    <ClCompile Include="engine\graphics\rendering\Object3dRenderer.cpp">
      <Filter>ソース ファイル</Filter>
    </ClCompile>
  </ItemGroup>
  <ItemGroup>
    <ClInclude Include="application\scene\TestPlayScene.h">
      <Filter>application\scene</Filter>
    </ClInclude>
    <ClInclude Include="engine\scene\SceneManager.h">
      <Filter>engine\scene</Filter>
    </ClInclude>
    <ClInclude Include="application\actor\camera\GameCamera.h">
      <Filter>application\actor</Filter>
    </ClInclude>
    <ClInclude Include="engine\2d\SpriteCommon.h">
      <Filter>engine\2d</Filter>
    </ClInclude>
    <ClInclude Include="engine\2d\Sprite.h">
      <Filter>engine\2d</Filter>
    </ClInclude>
    <ClInclude Include="engine\3d\LODBuilder.h">
      <Filter>engine\3d</Filter>
    </ClInclude>
    <ClInclude Include="engine\3d\LODController.h">
      <Filter>engine\3d</Filter>
    </ClInclude>
    <ClInclude Include="engine\3d\Mesh.h">
      <Filter>engine\3d</Filter>
    </ClInclude>
    <ClInclude Include="engine\3d\Model.h">
      <Filter>engine\3d</Filter>
    </ClInclude>
    <ClInclude Include="engine\3d\ModelCommon.h">
      <Filter>engine\3d</Filter>
    </ClInclude>
    <ClInclude Include="engine\3d\ModelManager.h">
      <Filter>engine\3d</Filter>
    </ClInclude>
    <ClInclude Include="engine\3d\Object3d.h">
      <Filter>engine\3d</Filter>
    </ClInclude>
    <ClInclude Include="engine\3d\Object3dCommon.h">
      <Filter>engine\3d</Filter>
    </ClInclude>
    <ClInclude Include="engine\audio\Audio.h">
      <Filter>engine\audio</Filter>
    </ClInclude>
    <ClInclude Include="engine\audio\AudioManager.h">
      <Filter>engine\audio</Filter>
    </ClInclude>
    <ClInclude Include="engine\base\Context.h">
      <Filter>engine\base</Filter>
    </ClInclude>
    <ClInclude Include="engine\base\Core.h">
      <Filter>engine\base</Filter>
    </ClInclude>
    <ClInclude Include="engine\base\D3DResourceLeakChecker.h">
      <Filter>engine\base</Filter>
    </ClInclude>
    <ClInclude Include="engine\base\DirectXBase.h">
      <Filter>engine\base</Filter>
    </ClInclude>
    <ClInclude Include="engine\base\FixFPS.h">
      <Filter>engine\base</Filter>
    </ClInclude>
    <ClInclude Include="engine\base\WinApi.h">
      <Filter>engine\base</Filter>
    </ClInclude>
    <ClInclude Include="engine\camera\Camera.h">
      <Filter>engine\camera</Filter>
    </ClInclude>
    <ClInclude Include="engine\camera\CameraManager.h">
      <Filter>engine\camera</Filter>
    </ClInclude>
    <ClInclude Include="engine\collision\Collision.h">
      <Filter>engine\collision</Filter>
    </ClInclude>
    <ClInclude Include="engine\debug\CrashHandler.h">
      <Filter>engine\debug</Filter>
    </ClInclude>
    <ClInclude Include="engine\debug\DebugCamera.h">
      <Filter>engine\debug</Filter>
    </ClInclude>
    <ClInclude Include="engine\debug\ImGuiManager.h">
      <Filter>engine\debug</Filter>
    </ClInclude>
    <ClInclude Include="engine\debug\Logger.h">
      <Filter>engine\debug</Filter>
    </ClInclude>
    <ClInclude Include="engine\debug\wireframes\BaseShape.h">
      <Filter>engine\debug\wireframes</Filter>
    </ClInclude>
    <ClInclude Include="engine\debug\wireframes\Circle.h">
      <Filter>engine\debug\wireframes</Filter>
    </ClInclude>
    <ClInclude Include="engine\debug\wireframes\Cube.h">
      <Filter>engine\debug\wireframes</Filter>
    </ClInclude>
    <ClInclude Include="engine\debug\wireframes\Frustum.h">
      <Filter>engine\debug\wireframes</Filter>
    </ClInclude>
    <ClInclude Include="engine\debug\wireframes\Line.h">
      <Filter>engine\debug\wireframes</Filter>
    </ClInclude>
    <ClInclude Include="engine\debug\wireframes\Plane.h">
      <Filter>engine\debug\wireframes</Filter>
    </ClInclude>
    <ClInclude Include="engine\debug\wireframes\Sphere.h">
      <Filter>engine\debug\wireframes</Filter>
    </ClInclude>
    <ClInclude Include="engine\framework\Framework.h">
      <Filter>engine\framework</Filter>
    </ClInclude>
    <ClInclude Include="engine\framework\GameSystem.h">
      <Filter>engine\framework</Filter>
    </ClInclude>
    <ClInclude Include="engine\gameObject\ColliderData.h">
      <Filter>engine\gameObject</Filter>
    </ClInclude>
    <ClInclude Include="engine\gameObject\GameObject.h">
      <Filter>engine\gameObject</Filter>
    </ClInclude>
    <ClInclude Include="engine\gameObject\GameObjectList.h">
      <Filter>engine\gameObject</Filter>
    </ClInclude>
    <ClInclude Include="engine\geometry\PrimitiveData.h">
      <Filter>engine\geometry</Filter>
    </ClInclude>
    <ClInclude Include="engine\graphics\data\RenderData.h">
      <Filter>engine\graphics\data</Filter>
    </ClInclude>
    <ClInclude Include="engine\graphics\data\RenderingData.h">
      <Filter>engine\graphics\data</Filter>
    </ClInclude>
    <ClInclude Include="engine\graphics\descriptor\SRVManager.h">
      <Filter>engine\graphics\descriptor</Filter>
    </ClInclude>
    <ClInclude Include="engine\graphics\pipeline\Blend.h">
      <Filter>engine\graphics\texture</Filter>
    </ClInclude>
    <ClInclude Include="engine\graphics\pipeline\BlendMode.h">
      <Filter>engine\graphics\texture</Filter>
    </ClInclude>
    <ClInclude Include="engine\graphics\pipeline\GraphicsPipeline.h">
      <Filter>engine\graphics\texture</Filter>
    </ClInclude>
    <ClInclude Include="engine\graphics\pipeline\GraphicsPipelineData.h">
      <Filter>engine\graphics\texture</Filter>
    </ClInclude>
    <ClInclude Include="engine\graphics\texture\TextureManager.h">
      <Filter>engine\graphics\pipeline</Filter>
    </ClInclude>
    <ClInclude Include="engine\input\Input.h">
      <Filter>engine\input</Filter>
    </ClInclude>
    <ClInclude Include="engine\math\MathUtility.h">
      <Filter>engine\math</Filter>
    </ClInclude>
    <ClInclude Include="engine\math\Matrix3x3.h">
      <Filter>engine\math</Filter>
    </ClInclude>
    <ClInclude Include="engine\math\Matrix4x4.h">
      <Filter>engine\math</Filter>
    </ClInclude>
    <ClInclude Include="engine\math\MatrixUtility.h">
      <Filter>engine\math</Filter>
    </ClInclude>
    <ClInclude Include="engine\math\Quaternion.h">
      <Filter>engine\math</Filter>
    </ClInclude>
    <ClInclude Include="engine\math\Vector2.h">
      <Filter>engine\math</Filter>
    </ClInclude>
    <ClInclude Include="engine\math\Vector3.h">
      <Filter>engine\math</Filter>
    </ClInclude>
    <ClInclude Include="engine\math\Vector4.h">
      <Filter>engine\math</Filter>
    </ClInclude>
    <ClInclude Include="engine\scene\AbstractSceneFactory.h">
      <Filter>engine\scene</Filter>
    </ClInclude>
    <ClInclude Include="engine\scene\BaseScene.h">
      <Filter>engine\scene</Filter>
    </ClInclude>
    <ClInclude Include="engine\scene\SceneFactory.h">
      <Filter>engine\scene</Filter>
    </ClInclude>
    <ClInclude Include="engine\scene\SceneManager.h">
      <Filter>engine\scene</Filter>
    </ClInclude>
    <ClInclude Include="engine\worldTransform\WorldTransform.h">
      <Filter>engine\worldTransform</Filter>
    </ClInclude>
    <ClInclude Include="engine\physics\Physics.h">
      <Filter>engine\physics</Filter>
    </ClInclude>
    <ClInclude Include="engine\physics\PhysicsData.h">
      <Filter>engine\physics</Filter>
    </ClInclude>
    <ClInclude Include="engine\particle\ParticleCommon.h">
      <Filter>engine\particle</Filter>
    </ClInclude>
    <ClInclude Include="engine\particle\ParticleEmitter.h">
      <Filter>engine\particle</Filter>
    </ClInclude>
    <ClInclude Include="engine\particle\ParticleManager.h">
      <Filter>engine\particle</Filter>
    </ClInclude>
    <ClInclude Include="engine\particle\ParticleSystem.h">
      <Filter>engine\particle</Filter>
    </ClInclude>
    <ClInclude Include="engine\utility\HashUtility.h">
      <Filter>engine\utility</Filter>
    </ClInclude>
    <ClInclude Include="engine\utility\StringUtility.h">
      <Filter>engine\utility</Filter>
    </ClInclude>
    <ClInclude Include="engine\3d\SkyBox.h">
      <Filter>engine\3d</Filter>
    </ClInclude>
    <ClInclude Include="engine\debug\DebugEditor.h">
      <Filter>engine\debug</Filter>
    </ClInclude>
    <ClInclude Include="engine\asset\ModelLoader.h">
      <Filter>engine\asset</Filter>
    </ClInclude>
    <ClInclude Include="engine\graphics\pipeline\PipelineManager.h">
      <Filter>engine\graphics\pipeline</Filter>
    </ClInclude>
    <ClInclude Include="engine\gameObject\TagManager.h">
      <Filter>engine\gameObject</Filter>
    </ClInclude>
    <ClInclude Include="engine\3d\LightingManager.h">
      <Filter>engine\3d</Filter>
    </ClInclude>
    <ClInclude Include="engine\gameObject\component\ModelRenderComponent.h">
      <Filter>engine\gameObject\component</Filter>
    </ClInclude>
    <ClInclude Include="engine\gameObject\component\Component.h">
      <Filter>engine\gameObject\component</Filter>
    </ClInclude>
    <ClInclude Include="engine\geometry\PrimitiveMeshFactory.h">
      <Filter>engine\3d</Filter>
    </ClInclude>
    <ClInclude Include="engine\asset\TextureLoader.h">
      <Filter>engine\asset</Filter>
    </ClInclude>
    <ClInclude Include="engine\graphics\pipeline\PipelineManagerData.h">
      <Filter>engine\graphics\pipeline</Filter>
    </ClInclude>
    <ClInclude Include="engine\geometry\Culling.h">
      <Filter>engine\geometry</Filter>
    </ClInclude>
    <ClInclude Include="engine\graphics\rendering\RenderSystem.h">
      <Filter>engine\graphics\rendering</Filter>
    </ClInclude>
    <ClInclude Include="engine\graphics\rendering\Object3dRenderer.h">
      <Filter>ヘッダー ファイル</Filter>
    </ClInclude>
  </ItemGroup>
  <ItemGroup>
    <FxCompile Include="engine\resources\shaders\Object3d.PS.hlsl">
      <Filter>shaders</Filter>
    </FxCompile>
    <FxCompile Include="engine\resources\shaders\Object3d.VS.hlsl">
      <Filter>shaders</Filter>
    </FxCompile>
    <FxCompile Include="engine\resources\shaders\Particle.PS.hlsl">
      <Filter>shaders</Filter>
    </FxCompile>
    <FxCompile Include="engine\resources\shaders\Particle.VS.hlsl">
      <Filter>shaders</Filter>
    </FxCompile>
    <FxCompile Include="engine\resources\shaders\Sprite.VS.hlsl">
      <Filter>shaders</Filter>
    </FxCompile>
    <FxCompile Include="engine\resources\shaders\Sprite.PS.hlsl">
      <Filter>shaders</Filter>
    </FxCompile>
    <FxCompile Include="engine\resources\shaders\Shape.VS.hlsl">
      <Filter>shaders</Filter>
    </FxCompile>
    <FxCompile Include="engine\resources\shaders\Shape.PS.hlsl">
      <Filter>shaders</Filter>
    </FxCompile>
    <FxCompile Include="engine\resources\shaders\SkyBox.PS.hlsl">
      <Filter>shaders</Filter>
    </FxCompile>
    <FxCompile Include="engine\resources\shaders\SkyBox.VS.hlsl">
      <Filter>shaders</Filter>
    </FxCompile>
  </ItemGroup>
  <ItemGroup>
    <None Include="engine\resources\shaders\Object3d.hlsli">
      <Filter>shaders</Filter>
    </None>
    <None Include="engine\resources\shaders\Particle.hlsli">
      <Filter>shaders</Filter>
    </None>
    <None Include="engine\resources\shaders\Sprite.hlsli">
      <Filter>shaders</Filter>
    </None>
    <None Include="engine\resources\shaders\Shape.hlsli">
      <Filter>shaders</Filter>
    </None>
    <None Include="engine\resources\shaders\CommonTypes.hlsli">
      <Filter>shaders</Filter>
    </None>
    <None Include="engine\resources\shaders\SkyBox.hlsli">
      <Filter>shaders</Filter>
    </None>
  </ItemGroup>
</Project>