<?xml version="1.0" encoding="utf-8"?>
<Project ToolsVersion="4.0" xmlns="http://schemas.microsoft.com/developer/msbuild/2003">
  <ItemGroup>
    <Filter Include="ソース ファイル">
      <UniqueIdentifier>{4FC737F1-C7A5-4376-A066-2A32D752A2FF}</UniqueIdentifier>
      <Extensions>cpp;c;cc;cxx;c++;cppm;ixx;def;odl;idl;hpj;bat;asm;asmx</Extensions>
    </Filter>
    <Filter Include="ヘッダー ファイル">
      <UniqueIdentifier>{93995380-89BD-4b04-88EB-625FBE52EBFB}</UniqueIdentifier>
      <Extensions>h;hh;hpp;hxx;h++;hm;inl;inc;ipp;xsd</Extensions>
    </Filter>
    <Filter Include="リソース ファイル">
      <UniqueIdentifier>{67DA6AB6-F800-4c08-8B7A-83BB121AAD01}</UniqueIdentifier>
      <Extensions>rc;ico;cur;bmp;dlg;rc2;rct;bin;rgs;gif;jpg;jpeg;jpe;resx;tiff;tif;png;wav;mfcribbon-ms</Extensions>
    </Filter>
    <Filter Include="shaders">
      <UniqueIdentifier>{b16f66bf-0edd-4c70-9653-49abd78975bd}</UniqueIdentifier>
    </Filter>
    <Filter Include="application">
      <UniqueIdentifier>{b779c107-e531-4844-9928-b705d07604ff}</UniqueIdentifier>
    </Filter>
    <Filter Include="application\scene">
      <UniqueIdentifier>{d09609c5-5464-4a8e-a106-9af2e72858bf}</UniqueIdentifier>
    </Filter>
    <Filter Include="application\actor">
      <UniqueIdentifier>{27e5a16f-78eb-4123-ac65-8f26cccee1a6}</UniqueIdentifier>
    </Filter>
    <Filter Include="application\actor\field">
      <UniqueIdentifier>{9ed0086f-1d8b-452f-9643-ea39d989dc8e}</UniqueIdentifier>
    </Filter>
    <Filter Include="application\actor\character">
      <UniqueIdentifier>{e4c0b8d1-d6ef-4fb1-b2ec-c827f4987ed5}</UniqueIdentifier>
    </Filter>
  </ItemGroup>
  <ItemGroup>
    <ClCompile Include="engine\main.cpp">
      <Filter>ソース ファイル</Filter>
    </ClCompile>
    <ClCompile Include="application\scene\GameScene.cpp">
      <Filter>application\scene</Filter>
    </ClCompile>
    <ClCompile Include="application\scene\TitleScene.cpp">
      <Filter>application\scene</Filter>
    </ClCompile>
    <ClCompile Include="application\scene\TestPlayScene.cpp">
      <Filter>application\scene</Filter>
    </ClCompile>
    <ClCompile Include="engine\scene\SceneManager.cpp">
      <Filter>engine\scene</Filter>
    </ClCompile>
    <ClCompile Include="application\scene\ResultScene.cpp">
      <Filter>application\scene</Filter>
    </ClCompile>
    <ClCompile Include="application\actor\field\Ground.cpp">
      <Filter>application\actor\field</Filter>
    </ClCompile>
    <ClCompile Include="application\actor\field\BaseGround.cpp">
      <Filter>application\actor\field</Filter>
    </ClCompile>
    <ClCompile Include="application\actor\field\FallingGround.cpp">
      <Filter>application\actor\field</Filter>
    </ClCompile>
    <ClCompile Include="application\actor\field\JumpPad.cpp">
      <Filter>application\actor\field</Filter>
    </ClCompile>
    <ClCompile Include="application\actor\field\SeesawPlatform.cpp">
      <Filter>application\actor\field</Filter>
    </ClCompile>
    <ClCompile Include="application\actor\character\player\Player.cpp">
      <Filter>application\actor\character</Filter>
    </ClCompile>
    <ClCompile Include="application\actor\camera\GameCamera.cpp">
      <Filter>application\actor</Filter>
    </ClCompile>
    <ClCompile Include="application\actor\field\StageTimer.cpp">
      <Filter>application\actor</Filter>
    </ClCompile>
    <ClCompile Include="application\scene\GameOverScene.cpp">
      <Filter>application\scene</Filter>
    </ClCompile>
    <ClCompile Include="application\actor\ActorData.cpp">
      <Filter>application\actor</Filter>
    </ClCompile>
  </ItemGroup>
  <ItemGroup>
    <ClInclude Include="application\scene\GameScene.h">
      <Filter>application\scene</Filter>
    </ClInclude>
    <ClInclude Include="application\scene\ResultScene.h">
      <Filter>application\scene</Filter>
    </ClInclude>
    <ClInclude Include="application\scene\TestPlayScene.h">
      <Filter>application\scene</Filter>
    </ClInclude>
    <ClInclude Include="engine\scene\SceneManager.h">
      <Filter>engine\scene</Filter>
    </ClInclude>
    <ClInclude Include="application\actor\field\Ground.h">
      <Filter>application\actor\field</Filter>
    </ClInclude>
    <ClInclude Include="application\actor\field\BaseGround.h">
      <Filter>application\actor\field</Filter>
    </ClInclude>
    <ClInclude Include="application\actor\field\FallingGround.h">
      <Filter>application\actor\field</Filter>
    </ClInclude>
    <ClInclude Include="application\actor\field\JumpPad.h">
      <Filter>application\actor\field</Filter>
    </ClInclude>
    <ClInclude Include="application\actor\field\SeesawPlatform.h">
      <Filter>application\actor\field</Filter>
    </ClInclude>
    <ClInclude Include="application\actor\character\player\Player.h">
      <Filter>application\actor\character</Filter>
    </ClInclude>
    <ClInclude Include="application\actor\camera\GameCamera.h">
      <Filter>application\actor</Filter>
    </ClInclude>
    <ClInclude Include="application\actor\field\StageTimer.h">
      <Filter>application\actor</Filter>
    </ClInclude>
    <ClInclude Include="application\scene\GameOverScene.h">
      <Filter>application\scene</Filter>
    </ClInclude>
    <ClInclude Include="application\scene\TitleScene.h">
      <Filter>application\scene</Filter>
    </ClInclude>
    <ClInclude Include="application\actor\ActorData.h">
      <Filter>application\actor</Filter>
    </ClInclude>
  </ItemGroup>
  <ItemGroup>
    <FxCompile Include="engine\resources\shaders\Object3d.PS.hlsl">
      <Filter>shaders</Filter>
    </FxCompile>
    <FxCompile Include="engine\resources\shaders\Object3d.VS.hlsl">
      <Filter>shaders</Filter>
    </FxCompile>
    <FxCompile Include="engine\resources\shaders\Particle.PS.hlsl">
      <Filter>shaders</Filter>
    </FxCompile>
    <FxCompile Include="engine\resources\shaders\Particle.VS.hlsl">
      <Filter>shaders</Filter>
    </FxCompile>
    <FxCompile Include="engine\resources\shaders\Sprite.VS.hlsl">
      <Filter>shaders</Filter>
    </FxCompile>
    <FxCompile Include="engine\resources\shaders\Sprite.PS.hlsl">
      <Filter>shaders</Filter>
    </FxCompile>
    <FxCompile Include="engine\resources\shaders\Shape.VS.hlsl">
      <Filter>shaders</Filter>
    </FxCompile>
    <FxCompile Include="engine\resources\shaders\Shape.PS.hlsl">
      <Filter>shaders</Filter>
    </FxCompile>
    <FxCompile Include="engine\resources\shaders\Box.VS.hlsl">
      <Filter>shaders</Filter>
    </FxCompile>
    <FxCompile Include="engine\resources\shaders\Box.PS.hlsl">
      <Filter>shaders</Filter>
    </FxCompile>
  </ItemGroup>
  <ItemGroup>
    <None Include="engine\resources\shaders\Object3d.hlsli">
      <Filter>shaders</Filter>
    </None>
    <None Include="engine\resources\shaders\Particle.hlsli">
      <Filter>shaders</Filter>
    </None>
    <None Include="engine\resources\shaders\Sprite.hlsli">
      <Filter>shaders</Filter>
    </None>
    <None Include="engine\resources\shaders\Shape.hlsli">
      <Filter>shaders</Filter>
    </None>
    <None Include="engine\resources\shaders\Box.hlsli">
      <Filter>shaders</Filter>
    </None>
  </ItemGroup>
</Project>