
Microsoft Visual Studio Solution File, Format Version 12.00
# Visual Studio Version 18
VisualStudioVersion = 18.5.11709.299
MinimumVisualStudioVersion = 10.0.40219.1
Project("{8BC9CEB8-8B4A-11D0-8D11-00A0C91BC942}") = "GameEngine", "DirectXGame.vcxproj", "{AA6FAC56-B861-4335-A158-5FA8252F2B8A}"
	ProjectSection(ProjectDependencies) = postProject
		{9D368EBC-7751-4807-BE5D-BA4A95B3483A} = {9D368EBC-7751-4807-BE5D-BA4A95B3483A}
	EndProjectSection
EndProject
Project("{2150E333-8FDC-42A3-9474-1A3956D46DE8}") = "ソリューション項目", "ソリューション項目", "{1495569D-BC58-4DD2-BE92-0971E8DC6B33}"
	ProjectSection(SolutionItems) = preProject
		.editorconfig = .editorconfig
		..\.gitignore = ..\.gitignore
		exclusion.dic = exclusion.dic
	EndProjectSection
EndProject
Project("{8BC9CEB8-8B4A-11D0-8D11-00A0C91BC942}") = "DirectXTex", "externals\DirectXTex\DirectXTex_Desktop_2022_Win10.vcxproj", "{371B9FA9-4C90-4AC6-A123-ACED756D6C77}"
EndProject
Project("{2150E333-8FDC-42A3-9474-1A3956D46DE8}") = "externals", "externals", "{DB61614D-1FA3-4722-907F-D8D22FD59076}"
EndProject
Project("{8BC9CEB8-8B4A-11D0-8D11-00A0C91BC942}") = "imgui", "externals\imgui\imgui\imgui.vcxproj", "{9D368EBC-7751-4807-BE5D-BA4A95B3483A}"
EndProject
Global
	GlobalSection(SolutionConfigurationPlatforms) = preSolution
		Debug|x64 = Debug|x64
		Release|x64 = Release|x64
	EndGlobalSection
	GlobalSection(ProjectConfigurationPlatforms) = postSolution
		{AA6FAC56-B861-4335-A158-5FA8252F2B8A}.Debug|x64.ActiveCfg = Debug|x64
		{AA6FAC56-B861-4335-A158-5FA8252F2B8A}.Debug|x64.Build.0 = Debug|x64
		{AA6FAC56-B861-4335-A158-5FA8252F2B8A}.Release|x64.ActiveCfg = Release|x64
		{AA6FAC56-B861-4335-A158-5FA8252F2B8A}.Release|x64.Build.0 = Release|x64
		{371B9FA9-4C90-4AC6-A123-ACED756D6C77}.Debug|x64.ActiveCfg = Debug|x64
		{371B9FA9-4C90-4AC6-A123-ACED756D6C77}.Debug|x64.Build.0 = Debug|x64
		{371B9FA9-4C90-4AC6-A123-ACED756D6C77}.Release|x64.ActiveCfg = Release|x64
		{371B9FA9-4C90-4AC6-A123-ACED756D6C77}.Release|x64.Build.0 = Release|x64
		{9D368EBC-7751-4807-BE5D-BA4A95B3483A}.Debug|x64.ActiveCfg = Debug|x64
		{9D368EBC-7751-4807-BE5D-BA4A95B3483A}.Debug|x64.Build.0 = Debug|x64
		{9D368EBC-7751-4807-BE5D-BA4A95B3483A}.Release|x64.ActiveCfg = Release|x64
		{9D368EBC-7751-4807-BE5D-BA4A95B3483A}.Release|x64.Build.0 = Release|x64
	EndGlobalSection
	GlobalSection(SolutionProperties) = preSolution
		HideSolutionNode = FALSE
	EndGlobalSection
	GlobalSection(NestedProjects) = preSolution
		{371B9FA9-4C90-4AC6-A123-ACED756D6C77} = {DB61614D-1FA3-4722-907F-D8D22FD59076}
		{9D368EBC-7751-4807-BE5D-BA4A95B3483A} = {DB61614D-1FA3-4722-907F-D8D22FD59076}
	EndGlobalSection
	GlobalSection(ExtensibilityGlobals) = postSolution
		SolutionGuid = {36F11A4D-C2F0-481B-867E-D8519BC8EEE6}
	EndGlobalSection
EndGlobal
